
Microsoft Visual Studio Solution File, Format Version 12.00
# Visual Studio 15
VisualStudioVersion = 15.0.26730.16
MinimumVisualStudioVersion = 10.0.40219.1
Project("{FAE04EC0-301F-11D3-BF4B-00C04F79EFBC}") = "Malorius.Mobile.Droid", "Mobile\Malorius.Mobile.Droid\Malorius.Mobile.Droid.csproj", "{A5624B5C-EE4C-4B0D-9974-5ABCFA8AC58D}"
EndProject
Project("{FAE04EC0-301F-11D3-BF4B-00C04F79EFBC}") = "Malorius.Mobile.iOS", "Mobile\Malorius.Mobile.iOS\Malorius.Mobile.iOS.csproj", "{98FC847D-44D7-4676-92E1-1D6DFA60C358}"
EndProject
Project("{D954291E-2A0B-460D-934E-DC6B0785DB48}") = "Malorius.Mobile", "Mobile\Malorius.Mobile\Malorius.Mobile.shproj", "{2DFB0A13-4286-4B3E-A05C-7DF51423C2F7}"
EndProject
Project("{2150E333-8FDC-42A3-9474-1A3956D46DE8}") = "Mobile", "Mobile", "{4F93FD50-7AEF-4927-A741-50E26BADB97F}"
EndProject
Project("{2150E333-8FDC-42A3-9474-1A3956D46DE8}") = "Web", "Web", "{16C118B5-2317-4DD1-BDF8-EF79449615FB}"
EndProject
Project("{FAE04EC0-301F-11D3-BF4B-00C04F79EFBC}") = "Malorius.Models", "Malorius.Models\Malorius.Models.csproj", "{8A4E1148-1AC5-431C-BAE7-54A9D65EF45F}"
EndProject
Project("{FAE04EC0-301F-11D3-BF4B-00C04F79EFBC}") = "Malorius.Api", "Web\Malorius.Api\Malorius.Api.csproj", "{E4C257F2-D78C-4292-8353-47C26475D14A}"
EndProject
Global
	GlobalSection(SharedMSBuildProjectFiles) = preSolution
		Mobile\Malorius.Mobile\Malorius.Mobile.projitems*{2dfb0a13-4286-4b3e-a05c-7df51423c2f7}*SharedItemsImports = 13
		Mobile\Malorius.Mobile\Malorius.Mobile.projitems*{98fc847d-44d7-4676-92e1-1d6dfa60c358}*SharedItemsImports = 4
		Mobile\Malorius.Mobile\Malorius.Mobile.projitems*{a5624b5c-ee4c-4b0d-9974-5abcfa8ac58d}*SharedItemsImports = 4
	EndGlobalSection
	GlobalSection(SolutionConfigurationPlatforms) = preSolution
		Ad-Hoc|Any CPU = Ad-Hoc|Any CPU
		Ad-Hoc|iPhone = Ad-Hoc|iPhone
		Ad-Hoc|iPhoneSimulator = Ad-Hoc|iPhoneSimulator
		AppStore|Any CPU = AppStore|Any CPU
		AppStore|iPhone = AppStore|iPhone
		AppStore|iPhoneSimulator = AppStore|iPhoneSimulator
		Debug|Any CPU = Debug|Any CPU
		Debug|iPhone = Debug|iPhone
		Debug|iPhoneSimulator = Debug|iPhoneSimulator
		Release|Any CPU = Release|Any CPU
		Release|iPhone = Release|iPhone
		Release|iPhoneSimulator = Release|iPhoneSimulator
	EndGlobalSection
	GlobalSection(ProjectConfigurationPlatforms) = postSolution
		{A5624B5C-EE4C-4B0D-9974-5ABCFA8AC58D}.Ad-Hoc|Any CPU.ActiveCfg = Release|Any CPU
		{A5624B5C-EE4C-4B0D-9974-5ABCFA8AC58D}.Ad-Hoc|iPhone.ActiveCfg = Release|Any CPU
		{A5624B5C-EE4C-4B0D-9974-5ABCFA8AC58D}.Ad-Hoc|iPhoneSimulator.ActiveCfg = Release|Any CPU
		{A5624B5C-EE4C-4B0D-9974-5ABCFA8AC58D}.AppStore|Any CPU.ActiveCfg = Release|Any CPU
		{A5624B5C-EE4C-4B0D-9974-5ABCFA8AC58D}.AppStore|iPhone.ActiveCfg = Release|Any CPU
		{A5624B5C-EE4C-4B0D-9974-5ABCFA8AC58D}.AppStore|iPhoneSimulator.ActiveCfg = Release|Any CPU
		{A5624B5C-EE4C-4B0D-9974-5ABCFA8AC58D}.Debug|Any CPU.ActiveCfg = Debug|Any CPU
		{A5624B5C-EE4C-4B0D-9974-5ABCFA8AC58D}.Debug|Any CPU.Build.0 = Debug|Any CPU
		{A5624B5C-EE4C-4B0D-9974-5ABCFA8AC58D}.Debug|Any CPU.Deploy.0 = Debug|Any CPU
		{A5624B5C-EE4C-4B0D-9974-5ABCFA8AC58D}.Debug|iPhone.ActiveCfg = Debug|Any CPU
		{A5624B5C-EE4C-4B0D-9974-5ABCFA8AC58D}.Debug|iPhoneSimulator.ActiveCfg = Debug|Any CPU
		{A5624B5C-EE4C-4B0D-9974-5ABCFA8AC58D}.Debug|iPhoneSimulator.Deploy.0 = Debug|Any CPU
		{A5624B5C-EE4C-4B0D-9974-5ABCFA8AC58D}.Release|Any CPU.ActiveCfg = Release|Any CPU
		{A5624B5C-EE4C-4B0D-9974-5ABCFA8AC58D}.Release|Any CPU.Build.0 = Release|Any CPU
		{A5624B5C-EE4C-4B0D-9974-5ABCFA8AC58D}.Release|Any CPU.Deploy.0 = Release|Any CPU
		{A5624B5C-EE4C-4B0D-9974-5ABCFA8AC58D}.Release|iPhone.ActiveCfg = Release|Any CPU
		{A5624B5C-EE4C-4B0D-9974-5ABCFA8AC58D}.Release|iPhoneSimulator.ActiveCfg = Release|Any CPU
		{98FC847D-44D7-4676-92E1-1D6DFA60C358}.Ad-Hoc|Any CPU.ActiveCfg = Ad-Hoc|iPhone
		{98FC847D-44D7-4676-92E1-1D6DFA60C358}.Ad-Hoc|iPhone.ActiveCfg = Ad-Hoc|iPhone
		{98FC847D-44D7-4676-92E1-1D6DFA60C358}.Ad-Hoc|iPhone.Build.0 = Ad-Hoc|iPhone
		{98FC847D-44D7-4676-92E1-1D6DFA60C358}.Ad-Hoc|iPhoneSimulator.ActiveCfg = Ad-Hoc|iPhoneSimulator
		{98FC847D-44D7-4676-92E1-1D6DFA60C358}.AppStore|Any CPU.ActiveCfg = AppStore|iPhone
		{98FC847D-44D7-4676-92E1-1D6DFA60C358}.AppStore|iPhone.ActiveCfg = AppStore|iPhone
		{98FC847D-44D7-4676-92E1-1D6DFA60C358}.AppStore|iPhone.Build.0 = AppStore|iPhone
		{98FC847D-44D7-4676-92E1-1D6DFA60C358}.AppStore|iPhoneSimulator.ActiveCfg = AppStore|iPhoneSimulator
		{98FC847D-44D7-4676-92E1-1D6DFA60C358}.Debug|Any CPU.ActiveCfg = Debug|iPhone
		{98FC847D-44D7-4676-92E1-1D6DFA60C358}.Debug|iPhone.ActiveCfg = Debug|iPhone
		{98FC847D-44D7-4676-92E1-1D6DFA60C358}.Debug|iPhone.Build.0 = Debug|iPhone
		{98FC847D-44D7-4676-92E1-1D6DFA60C358}.Debug|iPhoneSimulator.ActiveCfg = Debug|iPhoneSimulator
		{98FC847D-44D7-4676-92E1-1D6DFA60C358}.Debug|iPhoneSimulator.Build.0 = Debug|iPhoneSimulator
		{98FC847D-44D7-4676-92E1-1D6DFA60C358}.Release|Any CPU.ActiveCfg = Release|iPhone
		{98FC847D-44D7-4676-92E1-1D6DFA60C358}.Release|iPhone.ActiveCfg = Release|iPhone
		{98FC847D-44D7-4676-92E1-1D6DFA60C358}.Release|iPhone.Build.0 = Release|iPhone
		{98FC847D-44D7-4676-92E1-1D6DFA60C358}.Release|iPhoneSimulator.ActiveCfg = Release|iPhoneSimulator
		{98FC847D-44D7-4676-92E1-1D6DFA60C358}.Release|iPhoneSimulator.Build.0 = Release|iPhoneSimulator
		{8A4E1148-1AC5-431C-BAE7-54A9D65EF45F}.Ad-Hoc|Any CPU.ActiveCfg = Release|Any CPU
		{8A4E1148-1AC5-431C-BAE7-54A9D65EF45F}.Ad-Hoc|iPhone.ActiveCfg = Release|Any CPU
		{8A4E1148-1AC5-431C-BAE7-54A9D65EF45F}.Ad-Hoc|iPhone.Build.0 = Release|Any CPU
		{8A4E1148-1AC5-431C-BAE7-54A9D65EF45F}.Ad-Hoc|iPhoneSimulator.ActiveCfg = Debug|Any CPU
		{8A4E1148-1AC5-431C-BAE7-54A9D65EF45F}.AppStore|Any CPU.ActiveCfg = Debug|Any CPU
		{8A4E1148-1AC5-431C-BAE7-54A9D65EF45F}.AppStore|iPhone.ActiveCfg = Release|Any CPU
		{8A4E1148-1AC5-431C-BAE7-54A9D65EF45F}.AppStore|iPhone.Build.0 = Release|Any CPU
		{8A4E1148-1AC5-431C-BAE7-54A9D65EF45F}.AppStore|iPhoneSimulator.ActiveCfg = Debug|Any CPU
		{8A4E1148-1AC5-431C-BAE7-54A9D65EF45F}.Debug|Any CPU.ActiveCfg = Debug|Any CPU
		{8A4E1148-1AC5-431C-BAE7-54A9D65EF45F}.Debug|Any CPU.Build.0 = Debug|Any CPU
		{8A4E1148-1AC5-431C-BAE7-54A9D65EF45F}.Debug|iPhone.ActiveCfg = Debug|Any CPU
		{8A4E1148-1AC5-431C-BAE7-54A9D65EF45F}.Debug|iPhone.Build.0 = Debug|Any CPU
		{8A4E1148-1AC5-431C-BAE7-54A9D65EF45F}.Debug|iPhoneSimulator.ActiveCfg = Debug|Any CPU
		{8A4E1148-1AC5-431C-BAE7-54A9D65EF45F}.Debug|iPhoneSimulator.Build.0 = Debug|Any CPU
		{8A4E1148-1AC5-431C-BAE7-54A9D65EF45F}.Release|Any CPU.ActiveCfg = Release|Any CPU
		{8A4E1148-1AC5-431C-BAE7-54A9D65EF45F}.Release|Any CPU.Build.0 = Release|Any CPU
		{8A4E1148-1AC5-431C-BAE7-54A9D65EF45F}.Release|iPhone.ActiveCfg = Release|Any CPU
		{8A4E1148-1AC5-431C-BAE7-54A9D65EF45F}.Release|iPhone.Build.0 = Release|Any CPU
		{8A4E1148-1AC5-431C-BAE7-54A9D65EF45F}.Release|iPhoneSimulator.ActiveCfg = Release|Any CPU
		{8A4E1148-1AC5-431C-BAE7-54A9D65EF45F}.Release|iPhoneSimulator.Build.0 = Release|Any CPU
		{E4C257F2-D78C-4292-8353-47C26475D14A}.Ad-Hoc|Any CPU.ActiveCfg = Debug|Any CPU
		{E4C257F2-D78C-4292-8353-47C26475D14A}.Ad-Hoc|iPhone.ActiveCfg = Debug|Any CPU
		{E4C257F2-D78C-4292-8353-47C26475D14A}.Ad-Hoc|iPhoneSimulator.ActiveCfg = Debug|Any CPU
		{E4C257F2-D78C-4292-8353-47C26475D14A}.AppStore|Any CPU.ActiveCfg = Debug|Any CPU
		{E4C257F2-D78C-4292-8353-47C26475D14A}.AppStore|iPhone.ActiveCfg = Debug|Any CPU
		{E4C257F2-D78C-4292-8353-47C26475D14A}.AppStore|iPhoneSimulator.ActiveCfg = Debug|Any CPU
		{E4C257F2-D78C-4292-8353-47C26475D14A}.Debug|Any CPU.ActiveCfg = Debug|Any CPU
		{E4C257F2-D78C-4292-8353-47C26475D14A}.Debug|Any CPU.Build.0 = Debug|Any CPU
		{E4C257F2-D78C-4292-8353-47C26475D14A}.Debug|iPhone.ActiveCfg = Debug|Any CPU
		{E4C257F2-D78C-4292-8353-47C26475D14A}.Debug|iPhoneSimulator.ActiveCfg = Debug|Any CPU
		{E4C257F2-D78C-4292-8353-47C26475D14A}.Release|Any CPU.ActiveCfg = Release|Any CPU
		{E4C257F2-D78C-4292-8353-47C26475D14A}.Release|Any CPU.Build.0 = Release|Any CPU
		{E4C257F2-D78C-4292-8353-47C26475D14A}.Release|iPhone.ActiveCfg = Release|Any CPU
		{E4C257F2-D78C-4292-8353-47C26475D14A}.Release|iPhoneSimulator.ActiveCfg = Release|Any CPU
	EndGlobalSection
	GlobalSection(SolutionProperties) = preSolution
		HideSolutionNode = FALSE
	EndGlobalSection
	GlobalSection(NestedProjects) = preSolution
		{A5624B5C-EE4C-4B0D-9974-5ABCFA8AC58D} = {4F93FD50-7AEF-4927-A741-50E26BADB97F}
		{98FC847D-44D7-4676-92E1-1D6DFA60C358} = {4F93FD50-7AEF-4927-A741-50E26BADB97F}
		{2DFB0A13-4286-4B3E-A05C-7DF51423C2F7} = {4F93FD50-7AEF-4927-A741-50E26BADB97F}
		{E4C257F2-D78C-4292-8353-47C26475D14A} = {16C118B5-2317-4DD1-BDF8-EF79449615FB}
	EndGlobalSection
	GlobalSection(ExtensibilityGlobals) = postSolution
		SolutionGuid = {4EE05DAD-F065-465E-A7CD-5654C217D2B8}
	EndGlobalSection
EndGlobal
